<?xml version="1.0" encoding="utf-8"?>
<Project ToolsVersion="4.0" xmlns="http://schemas.microsoft.com/developer/msbuild/2003">
  <ItemGroup>
    <Filter Include="Source Files">
      <UniqueIdentifier>{E9C7FDCE-D52A-8D73-7EB0-C5296AF258F6}</UniqueIdentifier>
    </Filter>
    <Filter Include="Source Files\Core">
      <UniqueIdentifier>{E145AD0A-4D5C-ABA0-96D3-36C202297C28}</UniqueIdentifier>
    </Filter>
    <Filter Include="Source Files\Game">
      <UniqueIdentifier>{323BAF0A-9E51-ADA0-E7C8-38C2531E7E28}</UniqueIdentifier>
    </Filter>
    <Filter Include="Source Files\Game\Hazard">
      <UniqueIdentifier>{7BDEBE71-6703-0EF2-904E-F3817CD20C10}</UniqueIdentifier>
    </Filter>
    <Filter Include="Source Files\Game\Player">
      <UniqueIdentifier>{0EE02185-FA04-7105-2350-56950FD46F23}</UniqueIdentifier>
    </Filter>
    <Filter Include="Source Files\Game\Target">
      <UniqueIdentifier>{E87AB88D-D49F-070E-FDEA-EC9DE96E062C}</UniqueIdentifier>
    </Filter>
    <Filter Include="Header Files">
      <UniqueIdentifier>{21EB8090-0D4E-1035-B6D3-48EBA215DCB7}</UniqueIdentifier>
    </Filter>
    <Filter Include="Header Files\Core">
      <UniqueIdentifier>{192C3F5D-8542-3DF3-CEB9-C8143A0F0E7B}</UniqueIdentifier>
    </Filter>
    <Filter Include="Header Files\Game">
      <UniqueIdentifier>{6A21415D-D637-3FF3-1FAF-CA148B04107B}</UniqueIdentifier>
    </Filter>
    <Filter Include="Header Files\Game\Hazard">
      <UniqueIdentifier>{B395D8EA-9FBA-276B-C805-0DFBB4892689}</UniqueIdentifier>
    </Filter>
    <Filter Include="Header Files\Game\Player">
      <UniqueIdentifier>{46973BFE-32BC-8A7E-5B07-700E478B899C}</UniqueIdentifier>
    </Filter>
    <Filter Include="Header Files\Game\Target">
      <UniqueIdentifier>{2032D206-0C57-2187-35A2-0617212620A5}</UniqueIdentifier>
    </Filter>
    <Filter Include="Game Resource Files">
      <UniqueIdentifier>{BAF00917-2652-E724-AFBF-2DD71B201EE4}</UniqueIdentifier>
    </Filter>
    <Filter Include="Game Resource Files\Font">
      <UniqueIdentifier>{003E1A70-EC62-69F0-15AE-4E800132680E}</UniqueIdentifier>
    </Filter>
    <Filter Include="Game Resource Files\Sprites">
      <UniqueIdentifier>{331128BF-9F1E-56A5-2805-52909411225C}</UniqueIdentifier>
    </Filter>
    <Filter Include="Game Resource Files\Sprites\Hazards">
      <UniqueIdentifier>{4FF505D1-BBAE-707B-440E-8B55B0C626EB}</UniqueIdentifier>
    </Filter>
    <Filter Include="Game Resource Files\Sprites\Player">
      <UniqueIdentifier>{EFCACF76-DB06-D3E0-4419-EBD730747BFB}</UniqueIdentifier>
    </Filter>
    <Filter Include="Windows Resource Files">
      <UniqueIdentifier>{6B659E97-575F-C7E9-40CC-5DFA2C652D56}</UniqueIdentifier>
    </Filter>
  </ItemGroup>
  <ItemGroup>
    <ClInclude Include="src\Core\Application.h">
      <Filter>Header Files\Core</Filter>
    </ClInclude>
    <ClInclude Include="src\Core\GameFont.h">
      <Filter>Header Files\Core</Filter>
    </ClInclude>
    <ClInclude Include="src\Core\Random.h">
      <Filter>Header Files\Core</Filter>
    </ClInclude>
    <ClInclude Include="src\Core\ScoreSystem.h">
      <Filter>Header Files\Core</Filter>
    </ClInclude>
    <ClInclude Include="src\Game\Background.h">
      <Filter>Header Files\Game</Filter>
    </ClInclude>
    <ClInclude Include="src\Game\Hazard\Hazard.h">
      <Filter>Header Files\Game\Hazard</Filter>
    </ClInclude>
    <ClInclude Include="src\Game\Hazard\HazardManager.h">
      <Filter>Header Files\Game\Hazard</Filter>
    </ClInclude>
    <ClInclude Include="src\Game\Player\Player.h">
      <Filter>Header Files\Game\Player</Filter>
    </ClInclude>
    <ClInclude Include="src\Game\Player\PlayerProjectile.h">
      <Filter>Header Files\Game\Player</Filter>
    </ClInclude>
    <ClInclude Include="src\Game\ScoreUI.h">
      <Filter>Header Files\Game</Filter>
    </ClInclude>
    <ClInclude Include="src\Game\Target\Target.h">
      <Filter>Header Files\Game\Target</Filter>
    </ClInclude>
    <ClInclude Include="src\Game\Target\TargetManager.h">
      <Filter>Header Files\Game\Target</Filter>
    </ClInclude>
    <ClInclude Include="src\resource_dir.h">
      <Filter>Header Files</Filter>
    </ClInclude>
  </ItemGroup>
  <ItemGroup>
    <ClCompile Include="src\Core\Application.cpp">
      <Filter>Source Files\Core</Filter>
    </ClCompile>
    <ClCompile Include="src\Core\GameFont.cpp">
      <Filter>Source Files\Core</Filter>
    </ClCompile>
    <ClCompile Include="src\Core\Random.cpp">
      <Filter>Source Files\Core</Filter>
    </ClCompile>
    <ClCompile Include="src\Core\ScoreSystem.cpp">
      <Filter>Source Files\Core</Filter>
    </ClCompile>
    <ClCompile Include="src\Game\Background.cpp">
      <Filter>Source Files\Game</Filter>
    </ClCompile>
    <ClCompile Include="src\Game\Hazard\Hazard.cpp">
      <Filter>Source Files\Game\Hazard</Filter>
    </ClCompile>
    <ClCompile Include="src\Game\Hazard\HazardManager.cpp">
      <Filter>Source Files\Game\Hazard</Filter>
    </ClCompile>
    <ClCompile Include="src\Game\Player\Player.cpp">
      <Filter>Source Files\Game\Player</Filter>
    </ClCompile>
    <ClCompile Include="src\Game\Player\PlayerProjectile.cpp">
      <Filter>Source Files\Game\Player</Filter>
    </ClCompile>
    <ClCompile Include="src\Game\ScoreUI.cpp">
      <Filter>Source Files\Game</Filter>
    </ClCompile>
    <ClCompile Include="src\Game\Target\Target.cpp">
      <Filter>Source Files\Game\Target</Filter>
    </ClCompile>
    <ClCompile Include="src\Game\Target\TargetManager.cpp">
      <Filter>Source Files\Game\Target</Filter>
    </ClCompile>
    <ClCompile Include="src\main.cpp">
      <Filter>Source Files</Filter>
    </ClCompile>
  </ItemGroup>
  <ItemGroup>
    <None Include="resources\Font\GameFont.ttf">
      <Filter>Game Resource Files\Font</Filter>
    </None>
    <None Include="resources\High.score">
      <Filter>Game Resource Files</Filter>
    </None>
    <None Include="src\icon.ico">
      <Filter>Windows Resource Files</Filter>
    </None>
  </ItemGroup>
  <ItemGroup>
    <ResourceCompile Include="src\application.rc">
      <Filter>Windows Resource Files</Filter>
    </ResourceCompile>
  </ItemGroup>
  <ItemGroup>
    <Image Include="resources\Sprites\Background_0.png">
      <Filter>Game Resource Files\Sprites</Filter>
    </Image>
    <Image Include="resources\Sprites\Background_1.png">
      <Filter>Game Resource Files\Sprites</Filter>
    </Image>
    <Image Include="resources\Sprites\Ground.png">
      <Filter>Game Resource Files\Sprites</Filter>
    </Image>
    <Image Include="resources\Sprites\Hazards\AirHazard_0.png">
      <Filter>Game Resource Files\Sprites\Hazards</Filter>
    </Image>
    <Image Include="resources\Sprites\Hazards\AirHazard_1.png">
      <Filter>Game Resource Files\Sprites\Hazards</Filter>
    </Image>
    <Image Include="resources\Sprites\Hazards\GroundTarget_0.png">
      <Filter>Game Resource Files\Sprites\Hazards</Filter>
    </Image>
    <Image Include="resources\Sprites\Hazards\GroundTarget_1.png">
      <Filter>Game Resource Files\Sprites\Hazards</Filter>
    </Image>
    <Image Include="resources\Sprites\Hazards\GroundTarget_2.png">
      <Filter>Game Resource Files\Sprites\Hazards</Filter>
    </Image>
    <Image Include="resources\Sprites\Player\PlayerProjectile.png">
      <Filter>Game Resource Files\Sprites\Player</Filter>
    </Image>
    <Image Include="resources\Sprites\Player\Player_Death.png">
      <Filter>Game Resource Files\Sprites\Player</Filter>
    </Image>
    <Image Include="resources\Sprites\Player\Player_Flap.png">
      <Filter>Game Resource Files\Sprites\Player</Filter>
    </Image>
    <Image Include="resources\Sprites\Player\Player_Idle.png">
      <Filter>Game Resource Files\Sprites\Player</Filter>
    </Image>
  </ItemGroup>
</Project>